// !$*UTF8*$!
{
	archiveVersion = 1;
	classes = {
	};
	objectVersion = 55;
	objects = {

/* Begin PBXBuildFile section */
		C312A74F2848F2110024DD27 /* AppDelegate.swift in Sources */ = {isa = PBXBuildFile; fileRef = C312A74E2848F2110024DD27 /* AppDelegate.swift */; };
		C312A7512848F2110024DD27 /* SceneDelegate.swift in Sources */ = {isa = PBXBuildFile; fileRef = C312A7502848F2110024DD27 /* SceneDelegate.swift */; };
		C312A7532848F2110024DD27 /* ViewController.swift in Sources */ = {isa = PBXBuildFile; fileRef = C312A7522848F2110024DD27 /* ViewController.swift */; };
		C312A7562848F2110024DD27 /* Main.storyboard in Resources */ = {isa = PBXBuildFile; fileRef = C312A7542848F2110024DD27 /* Main.storyboard */; };
		C312A7582848F2130024DD27 /* Assets.xcassets in Resources */ = {isa = PBXBuildFile; fileRef = C312A7572848F2130024DD27 /* Assets.xcassets */; };
		C312A75B2848F2130024DD27 /* LaunchScreen.storyboard in Resources */ = {isa = PBXBuildFile; fileRef = C312A7592848F2130024DD27 /* LaunchScreen.storyboard */; };
		C312A7662848F2130024DD27 /* StringCalculatorTests.swift in Sources */ = {isa = PBXBuildFile; fileRef = C312A7652848F2130024DD27 /* StringCalculatorTests.swift */; };
		C312A7702848F2130024DD27 /* StringCalculatorUITests.swift in Sources */ = {isa = PBXBuildFile; fileRef = C312A76F2848F2130024DD27 /* StringCalculatorUITests.swift */; };
		C312A7722848F2130024DD27 /* StringCalculatorUITestsLaunchTests.swift in Sources */ = {isa = PBXBuildFile; fileRef = C312A7712848F2130024DD27 /* StringCalculatorUITestsLaunchTests.swift */; };
		C312A77F2848F6B90024DD27 /* StringCalculator.swift in Sources */ = {isa = PBXBuildFile; fileRef = C312A77E2848F6B90024DD27 /* StringCalculator.swift */; };
/* End PBXBuildFile section */

/* Begin PBXContainerItemProxy section */
		C312A7622848F2130024DD27 /* PBXContainerItemProxy */ = {
			isa = PBXContainerItemProxy;
			containerPortal = C312A7432848F2110024DD27 /* Project object */;
			proxyType = 1;
			remoteGlobalIDString = C312A74A2848F2110024DD27;
			remoteInfo = StringCalculator;
		};
		C312A76C2848F2130024DD27 /* PBXContainerItemProxy */ = {
			isa = PBXContainerItemProxy;
			containerPortal = C312A7432848F2110024DD27 /* Project object */;
			proxyType = 1;
			remoteGlobalIDString = C312A74A2848F2110024DD27;
			remoteInfo = StringCalculator;
		};
/* End PBXContainerItemProxy section */

/* Begin PBXFileReference section */
		C312A74B2848F2110024DD27 /* StringCalculator.app */ = {isa = PBXFileReference; explicitFileType = wrapper.application; includeInIndex = 0; path = StringCalculator.app; sourceTree = BUILT_PRODUCTS_DIR; };
		C312A74E2848F2110024DD27 /* AppDelegate.swift */ = {isa = PBXFileReference; lastKnownFileType = sourcecode.swift; path = AppDelegate.swift; sourceTree = "<group>"; };
		C312A7502848F2110024DD27 /* SceneDelegate.swift */ = {isa = PBXFileReference; lastKnownFileType = sourcecode.swift; path = SceneDelegate.swift; sourceTree = "<group>"; };
		C312A7522848F2110024DD27 /* ViewController.swift */ = {isa = PBXFileReference; lastKnownFileType = sourcecode.swift; path = ViewController.swift; sourceTree = "<group>"; };
		C312A7552848F2110024DD27 /* Base */ = {isa = PBXFileReference; lastKnownFileType = file.storyboard; name = Base; path = Base.lproj/Main.storyboard; sourceTree = "<group>"; };
		C312A7572848F2130024DD27 /* Assets.xcassets */ = {isa = PBXFileReference; lastKnownFileType = folder.assetcatalog; path = Assets.xcassets; sourceTree = "<group>"; };
		C312A75A2848F2130024DD27 /* Base */ = {isa = PBXFileReference; lastKnownFileType = file.storyboard; name = Base; path = Base.lproj/LaunchScreen.storyboard; sourceTree = "<group>"; };
		C312A75C2848F2130024DD27 /* Info.plist */ = {isa = PBXFileReference; lastKnownFileType = text.plist.xml; path = Info.plist; sourceTree = "<group>"; };
		C312A7612848F2130024DD27 /* StringCalculatorTests.xctest */ = {isa = PBXFileReference; explicitFileType = wrapper.cfbundle; includeInIndex = 0; path = StringCalculatorTests.xctest; sourceTree = BUILT_PRODUCTS_DIR; };
		C312A7652848F2130024DD27 /* StringCalculatorTests.swift */ = {isa = PBXFileReference; lastKnownFileType = sourcecode.swift; path = StringCalculatorTests.swift; sourceTree = "<group>"; };
		C312A76B2848F2130024DD27 /* StringCalculatorUITests.xctest */ = {isa = PBXFileReference; explicitFileType = wrapper.cfbundle; includeInIndex = 0; path = StringCalculatorUITests.xctest; sourceTree = BUILT_PRODUCTS_DIR; };
		C312A76F2848F2130024DD27 /* StringCalculatorUITests.swift */ = {isa = PBXFileReference; lastKnownFileType = sourcecode.swift; path = StringCalculatorUITests.swift; sourceTree = "<group>"; };
		C312A7712848F2130024DD27 /* StringCalculatorUITestsLaunchTests.swift */ = {isa = PBXFileReference; lastKnownFileType = sourcecode.swift; path = StringCalculatorUITestsLaunchTests.swift; sourceTree = "<group>"; };
		C312A77E2848F6B90024DD27 /* StringCalculator.swift */ = {isa = PBXFileReference; lastKnownFileType = sourcecode.swift; path = StringCalculator.swift; sourceTree = "<group>"; };
/* End PBXFileReference section */

/* Begin PBXFrameworksBuildPhase section */
		C312A7482848F2110024DD27 /* Frameworks */ = {
			isa = PBXFrameworksBuildPhase;
			buildActionMask = 2147483647;
			files = (
			);
			runOnlyForDeploymentPostprocessing = 0;
		};
		C312A75E2848F2130024DD27 /* Frameworks */ = {
			isa = PBXFrameworksBuildPhase;
			buildActionMask = 2147483647;
			files = (
			);
			runOnlyForDeploymentPostprocessing = 0;
		};
		C312A7682848F2130024DD27 /* Frameworks */ = {
			isa = PBXFrameworksBuildPhase;
			buildActionMask = 2147483647;
			files = (
			);
			runOnlyForDeploymentPostprocessing = 0;
		};
/* End PBXFrameworksBuildPhase section */

/* Begin PBXGroup section */
		C312A7422848F2110024DD27 = {
			isa = PBXGroup;
			children = (
				C312A74D2848F2110024DD27 /* StringCalculator */,
				C312A7642848F2130024DD27 /* StringCalculatorTests */,
				C312A76E2848F2130024DD27 /* StringCalculatorUITests */,
				C312A74C2848F2110024DD27 /* Products */,
			);
			sourceTree = "<group>";
		};
		C312A74C2848F2110024DD27 /* Products */ = {
			isa = PBXGroup;
			children = (
				C312A74B2848F2110024DD27 /* StringCalculator.app */,
				C312A7612848F2130024DD27 /* StringCalculatorTests.xctest */,
				C312A76B2848F2130024DD27 /* StringCalculatorUITests.xctest */,
			);
			name = Products;
			sourceTree = "<group>";
		};
		C312A74D2848F2110024DD27 /* StringCalculator */ = {
			isa = PBXGroup;
			children = (
				C312A74E2848F2110024DD27 /* AppDelegate.swift */,
				C312A7502848F2110024DD27 /* SceneDelegate.swift */,
				C312A7522848F2110024DD27 /* ViewController.swift */,
				C312A77E2848F6B90024DD27 /* StringCalculator.swift */,
				C312A7542848F2110024DD27 /* Main.storyboard */,
				C312A7572848F2130024DD27 /* Assets.xcassets */,
				C312A7592848F2130024DD27 /* LaunchScreen.storyboard */,
				C312A75C2848F2130024DD27 /* Info.plist */,
			);
			path = StringCalculator;
			sourceTree = "<group>";
		};
		C312A7642848F2130024DD27 /* StringCalculatorTests */ = {
			isa = PBXGroup;
			children = (
				C312A7652848F2130024DD27 /* StringCalculatorTests.swift */,
			);
			path = StringCalculatorTests;
			sourceTree = "<group>";
		};
		C312A76E2848F2130024DD27 /* StringCalculatorUITests */ = {
			isa = PBXGroup;
			children = (
				C312A76F2848F2130024DD27 /* StringCalculatorUITests.swift */,
				C312A7712848F2130024DD27 /* StringCalculatorUITestsLaunchTests.swift */,
			);
			path = StringCalculatorUITests;
			sourceTree = "<group>";
		};
/* End PBXGroup section */

/* Begin PBXNativeTarget section */
		C312A74A2848F2110024DD27 /* StringCalculator */ = {
			isa = PBXNativeTarget;
			buildConfigurationList = C312A7752848F2130024DD27 /* Build configuration list for PBXNativeTarget "StringCalculator" */;
			buildPhases = (
				C312A7472848F2110024DD27 /* Sources */,
				C312A7482848F2110024DD27 /* Frameworks */,
				C312A7492848F2110024DD27 /* Resources */,
			);
			buildRules = (
			);
			dependencies = (
			);
			name = StringCalculator;
			productName = StringCalculator;
			productReference = C312A74B2848F2110024DD27 /* StringCalculator.app */;
			productType = "com.apple.product-type.application";
		};
		C312A7602848F2130024DD27 /* StringCalculatorTests */ = {
			isa = PBXNativeTarget;
			buildConfigurationList = C312A7782848F2130024DD27 /* Build configuration list for PBXNativeTarget "StringCalculatorTests" */;
			buildPhases = (
				C312A75D2848F2130024DD27 /* Sources */,
				C312A75E2848F2130024DD27 /* Frameworks */,
				C312A75F2848F2130024DD27 /* Resources */,
			);
			buildRules = (
			);
			dependencies = (
				C312A7632848F2130024DD27 /* PBXTargetDependency */,
			);
			name = StringCalculatorTests;
			productName = StringCalculatorTests;
			productReference = C312A7612848F2130024DD27 /* StringCalculatorTests.xctest */;
			productType = "com.apple.product-type.bundle.unit-test";
		};
		C312A76A2848F2130024DD27 /* StringCalculatorUITests */ = {
			isa = PBXNativeTarget;
			buildConfigurationList = C312A77B2848F2130024DD27 /* Build configuration list for PBXNativeTarget "StringCalculatorUITests" */;
			buildPhases = (
				C312A7672848F2130024DD27 /* Sources */,
				C312A7682848F2130024DD27 /* Frameworks */,
				C312A7692848F2130024DD27 /* Resources */,
			);
			buildRules = (
			);
			dependencies = (
				C312A76D2848F2130024DD27 /* PBXTargetDependency */,
			);
			name = StringCalculatorUITests;
			productName = StringCalculatorUITests;
			productReference = C312A76B2848F2130024DD27 /* StringCalculatorUITests.xctest */;
			productType = "com.apple.product-type.bundle.ui-testing";
		};
/* End PBXNativeTarget section */

/* Begin PBXProject section */
		C312A7432848F2110024DD27 /* Project object */ = {
			isa = PBXProject;
			attributes = {
				BuildIndependentTargetsInParallel = 1;
				LastSwiftUpdateCheck = 1300;
				LastUpgradeCheck = 1300;
				TargetAttributes = {
					C312A74A2848F2110024DD27 = {
						CreatedOnToolsVersion = 13.0;
					};
					C312A7602848F2130024DD27 = {
						CreatedOnToolsVersion = 13.0;
						TestTargetID = C312A74A2848F2110024DD27;
					};
					C312A76A2848F2130024DD27 = {
						CreatedOnToolsVersion = 13.0;
						TestTargetID = C312A74A2848F2110024DD27;
					};
				};
			};
			buildConfigurationList = C312A7462848F2110024DD27 /* Build configuration list for PBXProject "StringCalculator" */;
			compatibilityVersion = "Xcode 13.0";
			developmentRegion = en;
			hasScannedForEncodings = 0;
			knownRegions = (
				en,
				Base,
			);
			mainGroup = C312A7422848F2110024DD27;
			productRefGroup = C312A74C2848F2110024DD27 /* Products */;
			projectDirPath = "";
			projectRoot = "";
			targets = (
				C312A74A2848F2110024DD27 /* StringCalculator */,
				C312A7602848F2130024DD27 /* StringCalculatorTests */,
				C312A76A2848F2130024DD27 /* StringCalculatorUITests */,
			);
		};
/* End PBXProject section */

/* Begin PBXResourcesBuildPhase section */
		C312A7492848F2110024DD27 /* Resources */ = {
			isa = PBXResourcesBuildPhase;
			buildActionMask = 2147483647;
			files = (
				C312A75B2848F2130024DD27 /* LaunchScreen.storyboard in Resources */,
				C312A7582848F2130024DD27 /* Assets.xcassets in Resources */,
				C312A7562848F2110024DD27 /* Main.storyboard in Resources */,
			);
			runOnlyForDeploymentPostprocessing = 0;
		};
		C312A75F2848F2130024DD27 /* Resources */ = {
			isa = PBXResourcesBuildPhase;
			buildActionMask = 2147483647;
			files = (
			);
			runOnlyForDeploymentPostprocessing = 0;
		};
		C312A7692848F2130024DD27 /* Resources */ = {
			isa = PBXResourcesBuildPhase;
			buildActionMask = 2147483647;
			files = (
			);
			runOnlyForDeploymentPostprocessing = 0;
		};
/* End PBXResourcesBuildPhase section */

/* Begin PBXSourcesBuildPhase section */
		C312A7472848F2110024DD27 /* Sources */ = {
			isa = PBXSourcesBuildPhase;
			buildActionMask = 2147483647;
			files = (
				C312A7532848F2110024DD27 /* ViewController.swift in Sources */,
				C312A74F2848F2110024DD27 /* AppDelegate.swift in Sources */,
				C312A77F2848F6B90024DD27 /* StringCalculator.swift in Sources */,
				C312A7512848F2110024DD27 /* SceneDelegate.swift in Sources */,
			);
			runOnlyForDeploymentPostprocessing = 0;
		};
		C312A75D2848F2130024DD27 /* Sources */ = {
			isa = PBXSourcesBuildPhase;
			buildActionMask = 2147483647;
			files = (
				C312A7662848F2130024DD27 /* StringCalculatorTests.swift in Sources */,
			);
			runOnlyForDeploymentPostprocessing = 0;
		};
		C312A7672848F2130024DD27 /* Sources */ = {
			isa = PBXSourcesBuildPhase;
			buildActionMask = 2147483647;
			files = (
				C312A7702848F2130024DD27 /* StringCalculatorUITests.swift in Sources */,
				C312A7722848F2130024DD27 /* StringCalculatorUITestsLaunchTests.swift in Sources */,
			);
			runOnlyForDeploymentPostprocessing = 0;
		};
/* End PBXSourcesBuildPhase section */

/* Begin PBXTargetDependency section */
		C312A7632848F2130024DD27 /* PBXTargetDependency */ = {
			isa = PBXTargetDependency;
			target = C312A74A2848F2110024DD27 /* StringCalculator */;
			targetProxy = C312A7622848F2130024DD27 /* PBXContainerItemProxy */;
		};
		C312A76D2848F2130024DD27 /* PBXTargetDependency */ = {
			isa = PBXTargetDependency;
			target = C312A74A2848F2110024DD27 /* StringCalculator */;
			targetProxy = C312A76C2848F2130024DD27 /* PBXContainerItemProxy */;
		};
/* End PBXTargetDependency section */

/* Begin PBXVariantGroup section */
		C312A7542848F2110024DD27 /* Main.storyboard */ = {
			isa = PBXVariantGroup;
			children = (
				C312A7552848F2110024DD27 /* Base */,
			);
			name = Main.storyboard;
			sourceTree = "<group>";
		};
		C312A7592848F2130024DD27 /* LaunchScreen.storyboard */ = {
			isa = PBXVariantGroup;
			children = (
				C312A75A2848F2130024DD27 /* Base */,
			);
			name = LaunchScreen.storyboard;
			sourceTree = "<group>";
		};
/* End PBXVariantGroup section */

/* Begin XCBuildConfiguration section */
		C312A7732848F2130024DD27 /* Debug */ = {
			isa = XCBuildConfiguration;
			buildSettings = {
				ALWAYS_SEARCH_USER_PATHS = NO;
				CLANG_ANALYZER_NONNULL = YES;
				CLANG_ANALYZER_NUMBER_OBJECT_CONVERSION = YES_AGGRESSIVE;
				CLANG_CXX_LANGUAGE_STANDARD = "gnu++17";
				CLANG_CXX_LIBRARY = "libc++";
				CLANG_ENABLE_MODULES = YES;
				CLANG_ENABLE_OBJC_ARC = YES;
				CLANG_ENABLE_OBJC_WEAK = YES;
				CLANG_WARN_BLOCK_CAPTURE_AUTORELEASING = YES;
				CLANG_WARN_BOOL_CONVERSION = YES;
				CLANG_WARN_COMMA = YES;
				CLANG_WARN_CONSTANT_CONVERSION = YES;
				CLANG_WARN_DEPRECATED_OBJC_IMPLEMENTATIONS = YES;
				CLANG_WARN_DIRECT_OBJC_ISA_USAGE = YES_ERROR;
				CLANG_WARN_DOCUMENTATION_COMMENTS = YES;
				CLANG_WARN_EMPTY_BODY = YES;
				CLANG_WARN_ENUM_CONVERSION = YES;
				CLANG_WARN_INFINITE_RECURSION = YES;
				CLANG_WARN_INT_CONVERSION = YES;
				CLANG_WARN_NON_LITERAL_NULL_CONVERSION = YES;
				CLANG_WARN_OBJC_IMPLICIT_RETAIN_SELF = YES;
				CLANG_WARN_OBJC_LITERAL_CONVERSION = YES;
				CLANG_WARN_OBJC_ROOT_CLASS = YES_ERROR;
				CLANG_WARN_QUOTED_INCLUDE_IN_FRAMEWORK_HEADER = YES;
				CLANG_WARN_RANGE_LOOP_ANALYSIS = YES;
				CLANG_WARN_STRICT_PROTOTYPES = YES;
				CLANG_WARN_SUSPICIOUS_MOVE = YES;
				CLANG_WARN_UNGUARDED_AVAILABILITY = YES_AGGRESSIVE;
				CLANG_WARN_UNREACHABLE_CODE = YES;
				CLANG_WARN__DUPLICATE_METHOD_MATCH = YES;
				COPY_PHASE_STRIP = NO;
				DEBUG_INFORMATION_FORMAT = dwarf;
				ENABLE_STRICT_OBJC_MSGSEND = YES;
				ENABLE_TESTABILITY = YES;
				GCC_C_LANGUAGE_STANDARD = gnu11;
				GCC_DYNAMIC_NO_PIC = NO;
				GCC_NO_COMMON_BLOCKS = YES;
				GCC_OPTIMIZATION_LEVEL = 0;
				GCC_PREPROCESSOR_DEFINITIONS = (
					"DEBUG=1",
					"$(inherited)",
				);
				GCC_WARN_64_TO_32_BIT_CONVERSION = YES;
				GCC_WARN_ABOUT_RETURN_TYPE = YES_ERROR;
				GCC_WARN_UNDECLARED_SELECTOR = YES;
				GCC_WARN_UNINITIALIZED_AUTOS = YES_AGGRESSIVE;
				GCC_WARN_UNUSED_FUNCTION = YES;
				GCC_WARN_UNUSED_VARIABLE = YES;
				IPHONEOS_DEPLOYMENT_TARGET = 15.0;
				MTL_ENABLE_DEBUG_INFO = INCLUDE_SOURCE;
				MTL_FAST_MATH = YES;
				ONLY_ACTIVE_ARCH = YES;
				SDKROOT = iphoneos;
				SWIFT_ACTIVE_COMPILATION_CONDITIONS = DEBUG;
				SWIFT_OPTIMIZATION_LEVEL = "-Onone";
			};
			name = Debug;
		};
		C312A7742848F2130024DD27 /* Release */ = {
			isa = XCBuildConfiguration;
			buildSettings = {
				ALWAYS_SEARCH_USER_PATHS = NO;
				CLANG_ANALYZER_NONNULL = YES;
				CLANG_ANALYZER_NUMBER_OBJECT_CONVERSION = YES_AGGRESSIVE;
				CLANG_CXX_LANGUAGE_STANDARD = "gnu++17";
				CLANG_CXX_LIBRARY = "libc++";
				CLANG_ENABLE_MODULES = YES;
				CLANG_ENABLE_OBJC_ARC = YES;
				CLANG_ENABLE_OBJC_WEAK = YES;
				CLANG_WARN_BLOCK_CAPTURE_AUTORELEASING = YES;
				CLANG_WARN_BOOL_CONVERSION = YES;
				CLANG_WARN_COMMA = YES;
				CLANG_WARN_CONSTANT_CONVERSION = YES;
				CLANG_WARN_DEPRECATED_OBJC_IMPLEMENTATIONS = YES;
				CLANG_WARN_DIRECT_OBJC_ISA_USAGE = YES_ERROR;
				CLANG_WARN_DOCUMENTATION_COMMENTS = YES;
				CLANG_WARN_EMPTY_BODY = YES;
				CLANG_WARN_ENUM_CONVERSION = YES;
				CLANG_WARN_INFINITE_RECURSION = YES;
				CLANG_WARN_INT_CONVERSION = YES;
				CLANG_WARN_NON_LITERAL_NULL_CONVERSION = YES;
				CLANG_WARN_OBJC_IMPLICIT_RETAIN_SELF = YES;
				CLANG_WARN_OBJC_LITERAL_CONVERSION = YES;
				CLANG_WARN_OBJC_ROOT_CLASS = YES_ERROR;
				CLANG_WARN_QUOTED_INCLUDE_IN_FRAMEWORK_HEADER = YES;
				CLANG_WARN_RANGE_LOOP_ANALYSIS = YES;
				CLANG_WARN_STRICT_PROTOTYPES = YES;
				CLANG_WARN_SUSPICIOUS_MOVE = YES;
				CLANG_WARN_UNGUARDED_AVAILABILITY = YES_AGGRESSIVE;
				CLANG_WARN_UNREACHABLE_CODE = YES;
				CLANG_WARN__DUPLICATE_METHOD_MATCH = YES;
				COPY_PHASE_STRIP = NO;
				DEBUG_INFORMATION_FORMAT = "dwarf-with-dsym";
				ENABLE_NS_ASSERTIONS = NO;
				ENABLE_STRICT_OBJC_MSGSEND = YES;
				GCC_C_LANGUAGE_STANDARD = gnu11;
				GCC_NO_COMMON_BLOCKS = YES;
				GCC_WARN_64_TO_32_BIT_CONVERSION = YES;
				GCC_WARN_ABOUT_RETURN_TYPE = YES_ERROR;
				GCC_WARN_UNDECLARED_SELECTOR = YES;
				GCC_WARN_UNINITIALIZED_AUTOS = YES_AGGRESSIVE;
				GCC_WARN_UNUSED_FUNCTION = YES;
				GCC_WARN_UNUSED_VARIABLE = YES;
				IPHONEOS_DEPLOYMENT_TARGET = 15.0;
				MTL_ENABLE_DEBUG_INFO = NO;
				MTL_FAST_MATH = YES;
				SDKROOT = iphoneos;
				SWIFT_COMPILATION_MODE = wholemodule;
				SWIFT_OPTIMIZATION_LEVEL = "-O";
				VALIDATE_PRODUCT = YES;
			};
			name = Release;
		};
		C312A7762848F2130024DD27 /* Debug */ = {
			isa = XCBuildConfiguration;
			buildSettings = {
				ASSETCATALOG_COMPILER_APPICON_NAME = AppIcon;
				ASSETCATALOG_COMPILER_GLOBAL_ACCENT_COLOR_NAME = AccentColor;
				CODE_SIGN_STYLE = Automatic;
				CURRENT_PROJECT_VERSION = 1;
				DEVELOPMENT_TEAM = CWRU4EXZ2L;
				GENERATE_INFOPLIST_FILE = YES;
				INFOPLIST_FILE = StringCalculator/Info.plist;
				INFOPLIST_KEY_UIApplicationSupportsIndirectInputEvents = YES;
				INFOPLIST_KEY_UILaunchStoryboardName = LaunchScreen;
				INFOPLIST_KEY_UIMainStoryboardFile = Main;
				INFOPLIST_KEY_UISupportedInterfaceOrientations_iPad = "UIInterfaceOrientationPortrait UIInterfaceOrientationPortraitUpsideDown UIInterfaceOrientationLandscapeLeft UIInterfaceOrientationLandscapeRight";
				INFOPLIST_KEY_UISupportedInterfaceOrientations_iPhone = "UIInterfaceOrientationPortrait UIInterfaceOrientationLandscapeLeft UIInterfaceOrientationLandscapeRight";
				LD_RUNPATH_SEARCH_PATHS = (
					"$(inherited)",
					"@executable_path/Frameworks",
				);
				MARKETING_VERSION = 1.0;
				PRODUCT_BUNDLE_IDENTIFIER = com.assignment.StringCalculator;
				PRODUCT_NAME = "$(TARGET_NAME)";
				SWIFT_EMIT_LOC_STRINGS = YES;
				SWIFT_VERSION = 5.0;
				TARGETED_DEVICE_FAMILY = "1,2";
			};
			name = Debug;
		};
		C312A7772848F2130024DD27 /* Release */ = {
			isa = XCBuildConfiguration;
			buildSettings = {
				ASSETCATALOG_COMPILER_APPICON_NAME = AppIcon;
				ASSETCATALOG_COMPILER_GLOBAL_ACCENT_COLOR_NAME = AccentColor;
				CODE_SIGN_STYLE = Automatic;
				CURRENT_PROJECT_VERSION = 1;
				DEVELOPMENT_TEAM = CWRU4EXZ2L;
				GENERATE_INFOPLIST_FILE = YES;
				INFOPLIST_FILE = StringCalculator/Info.plist;
				INFOPLIST_KEY_UIApplicationSupportsIndirectInputEvents = YES;
				INFOPLIST_KEY_UILaunchStoryboardName = LaunchScreen;
				INFOPLIST_KEY_UIMainStoryboardFile = Main;
				INFOPLIST_KEY_UISupportedInterfaceOrientations_iPad = "UIInterfaceOrientationPortrait UIInterfaceOrientationPortraitUpsideDown UIInterfaceOrientationLandscapeLeft UIInterfaceOrientationLandscapeRight";
				INFOPLIST_KEY_UISupportedInterfaceOrientations_iPhone = "UIInterfaceOrientationPortrait UIInterfaceOrientationLandscapeLeft UIInterfaceOrientationLandscapeRight";
				LD_RUNPATH_SEARCH_PATHS = (
					"$(inherited)",
					"@executable_path/Frameworks",
				);
				MARKETING_VERSION = 1.0;
				PRODUCT_BUNDLE_IDENTIFIER = com.assignment.StringCalculator;
				PRODUCT_NAME = "$(TARGET_NAME)";
				SWIFT_EMIT_LOC_STRINGS = YES;
				SWIFT_VERSION = 5.0;
				TARGETED_DEVICE_FAMILY = "1,2";
			};
			name = Release;
		};
		C312A7792848F2130024DD27 /* Debug */ = {
			isa = XCBuildConfiguration;
			buildSettings = {
				ALWAYS_EMBED_SWIFT_STANDARD_LIBRARIES = YES;
				BUNDLE_LOADER = "$(TEST_HOST)";
				CODE_SIGN_STYLE = Automatic;
				CURRENT_PROJECT_VERSION = 1;
				DEVELOPMENT_TEAM = CWRU4EXZ2L;
				GENERATE_INFOPLIST_FILE = YES;
				IPHONEOS_DEPLOYMENT_TARGET = 15.0;
				LD_RUNPATH_SEARCH_PATHS = (
					"$(inherited)",
					"@executable_path/Frameworks",
					"@loader_path/Frameworks",
				);
				MARKETING_VERSION = 1.0;
				PRODUCT_BUNDLE_IDENTIFIER = com.assignment.StringCalculatorTests;
				PRODUCT_NAME = "$(TARGET_NAME)";
				SWIFT_EMIT_LOC_STRINGS = NO;
				SWIFT_VERSION = 5.0;
				TARGETED_DEVICE_FAMILY = "1,2";
				TEST_HOST = "$(BUILT_PRODUCTS_DIR)/StringCalculator.app/StringCalculator";
			};
			name = Debug;
		};
		C312A77A2848F2130024DD27 /* Release */ = {
			isa = XCBuildConfiguration;
			buildSettings = {
				ALWAYS_EMBED_SWIFT_STANDARD_LIBRARIES = YES;
				BUNDLE_LOADER = "$(TEST_HOST)";
				CODE_SIGN_STYLE = Automatic;
				CURRENT_PROJECT_VERSION = 1;
				DEVELOPMENT_TEAM = CWRU4EXZ2L;
				GENERATE_INFOPLIST_FILE = YES;
				IPHONEOS_DEPLOYMENT_TARGET = 15.0;
				LD_RUNPATH_SEARCH_PATHS = (
					"$(inherited)",
					"@executable_path/Frameworks",
					"@loader_path/Frameworks",
				);
				MARKETING_VERSION = 1.0;
				PRODUCT_BUNDLE_IDENTIFIER = com.assignment.StringCalculatorTests;
				PRODUCT_NAME = "$(TARGET_NAME)";
				SWIFT_EMIT_LOC_STRINGS = NO;
				SWIFT_VERSION = 5.0;
				TARGETED_DEVICE_FAMILY = "1,2";
				TEST_HOST = "$(BUILT_PRODUCTS_DIR)/StringCalculator.app/StringCalculator";
			};
			name = Release;
		};
		C312A77C2848F2130024DD27 /* Debug */ = {
			isa = XCBuildConfiguration;
			buildSettings = {
				ALWAYS_EMBED_SWIFT_STANDARD_LIBRARIES = YES;
				CODE_SIGN_STYLE = Automatic;
				CURRENT_PROJECT_VERSION = 1;
				DEVELOPMENT_TEAM = CWRU4EXZ2L;
				GENERATE_INFOPLIST_FILE = YES;
				LD_RUNPATH_SEARCH_PATHS = (
					"$(inherited)",
					"@executable_path/Frameworks",
					"@loader_path/Frameworks",
				);
				MARKETING_VERSION = 1.0;
				PRODUCT_BUNDLE_IDENTIFIER = com.assignment.StringCalculatorUITests;
				PRODUCT_NAME = "$(TARGET_NAME)";
				SWIFT_EMIT_LOC_STRINGS = NO;
				SWIFT_VERSION = 5.0;
				TARGETED_DEVICE_FAMILY = "1,2";
				TEST_TARGET_NAME = StringCalculator;
			};
			name = Debug;
		};
		C312A77D2848F2130024DD27 /* Release */ = {
			isa = XCBuildConfiguration;
			buildSettings = {
				ALWAYS_EMBED_SWIFT_STANDARD_LIBRARIES = YES;
				CODE_SIGN_STYLE = Automatic;
				CURRENT_PROJECT_VERSION = 1;
				DEVELOPMENT_TEAM = CWRU4EXZ2L;
				GENERATE_INFOPLIST_FILE = YES;
				LD_RUNPATH_SEARCH_PATHS = (
					"$(inherited)",
					"@executable_path/Frameworks",
					"@loader_path/Frameworks",
				);
				MARKETING_VERSION = 1.0;
				PRODUCT_BUNDLE_IDENTIFIER = com.assignment.StringCalculatorUITests;
				PRODUCT_NAME = "$(TARGET_NAME)";
				SWIFT_EMIT_LOC_STRINGS = NO;
				SWIFT_VERSION = 5.0;
				TARGETED_DEVICE_FAMILY = "1,2";
				TEST_TARGET_NAME = StringCalculator;
			};
			name = Release;
		};
/* End XCBuildConfiguration section */

/* Begin XCConfigurationList section */
		C312A7462848F2110024DD27 /* Build configuration list for PBXProject "StringCalculator" */ = {
			isa = XCConfigurationList;
			buildConfigurations = (
				C312A7732848F2130024DD27 /* Debug */,
				C312A7742848F2130024DD27 /* Release */,
			);
			defaultConfigurationIsVisible = 0;
			defaultConfigurationName = Release;
		};
		C312A7752848F2130024DD27 /* Build configuration list for PBXNativeTarget "StringCalculator" */ = {
			isa = XCConfigurationList;
			buildConfigurations = (
				C312A7762848F2130024DD27 /* Debug */,
				C312A7772848F2130024DD27 /* Release */,
			);
			defaultConfigurationIsVisible = 0;
			defaultConfigurationName = Release;
		};
		C312A7782848F2130024DD27 /* Build configuration list for PBXNativeTarget "StringCalculatorTests" */ = {
			isa = XCConfigurationList;
			buildConfigurations = (
				C312A7792848F2130024DD27 /* Debug */,
				C312A77A2848F2130024DD27 /* Release */,
			);
			defaultConfigurationIsVisible = 0;
			defaultConfigurationName = Release;
		};
		C312A77B2848F2130024DD27 /* Build configuration list for PBXNativeTarget "StringCalculatorUITests" */ = {
			isa = XCConfigurationList;
			buildConfigurations = (
				C312A77C2848F2130024DD27 /* Debug */,
				C312A77D2848F2130024DD27 /* Release */,
			);
			defaultConfigurationIsVisible = 0;
			defaultConfigurationName = Release;
		};
/* End XCConfigurationList section */
	};
	rootObject = C312A7432848F2110024DD27 /* Project object */;
}
